
Microsoft Visual Studio Solution File, Format Version 12.00
# Visual Studio 2013
VisualStudioVersion = 12.0.31101.0
MinimumVisualStudioVersion = 10.0.40219.1
Project("{F2A71F9B-5D33-465A-A702-920D77279786}") = "IntelliFactory.Formlets", "IntelliFactory.Formlets\IntelliFactory.Formlets.fsproj", "{7E70B9E1-7E68-4DF9-A3B8-74378E31BE08}"
EndProject
Project("{F2A71F9B-5D33-465A-A702-920D77279786}") = "WebSharper.Formlets", "WebSharper.Formlets\WebSharper.Formlets.fsproj", "{9A0DF78F-A51E-4056-B180-4A77AFB82897}"
EndProject
Project("{F2A71F9B-5D33-465A-A702-920D77279786}") = "WebSharper.Formlets.Tests", "WebSharper.Formlets.Tests\WebSharper.Formlets.Tests.fsproj", "{35514715-41DF-4C17-A9EC-D80ABCD9E353}"
EndProject
Global
	GlobalSection(SolutionConfigurationPlatforms) = preSolution
		Debug|Any CPU = Debug|Any CPU
		Release|Any CPU = Release|Any CPU
	EndGlobalSection
	GlobalSection(ProjectConfigurationPlatforms) = postSolution
		{7E70B9E1-7E68-4DF9-A3B8-74378E31BE08}.Debug|Any CPU.ActiveCfg = Debug|Any CPU
		{7E70B9E1-7E68-4DF9-A3B8-74378E31BE08}.Debug|Any CPU.Build.0 = Debug|Any CPU
		{7E70B9E1-7E68-4DF9-A3B8-74378E31BE08}.Release|Any CPU.ActiveCfg = Release|Any CPU
		{7E70B9E1-7E68-4DF9-A3B8-74378E31BE08}.Release|Any CPU.Build.0 = Release|Any CPU
		{9A0DF78F-A51E-4056-B180-4A77AFB82897}.Debug|Any CPU.ActiveCfg = Debug|Any CPU
		{9A0DF78F-A51E-4056-B180-4A77AFB82897}.Debug|Any CPU.Build.0 = Debug|Any CPU
		{9A0DF78F-A51E-4056-B180-4A77AFB82897}.Release|Any CPU.ActiveCfg = Release|Any CPU
		{9A0DF78F-A51E-4056-B180-4A77AFB82897}.Release|Any CPU.Build.0 = Release|Any CPU
		{35514715-41DF-4C17-A9EC-D80ABCD9E353}.Debug|Any CPU.ActiveCfg = Debug|Any CPU
		{35514715-41DF-4C17-A9EC-D80ABCD9E353}.Debug|Any CPU.Build.0 = Debug|Any CPU
		{35514715-41DF-4C17-A9EC-D80ABCD9E353}.Release|Any CPU.ActiveCfg = Release|Any CPU
		{35514715-41DF-4C17-A9EC-D80ABCD9E353}.Release|Any CPU.Build.0 = Release|Any CPU
	EndGlobalSection
	GlobalSection(SolutionProperties) = preSolution
		HideSolutionNode = FALSE
	EndGlobalSection
EndGlobal
